
Microsoft Visual Studio Solution File, Format Version 12.00
# Visual Studio Version 17
VisualStudioVersion = 17.9.34622.214
MinimumVisualStudioVersion = 10.0.40219.1
Project("{FAE04EC0-301F-11D3-BF4B-00C04F79EFBC}") = "_Cinder", "_Cinder.csproj", "{2228FD2D-006C-49A5-9718-62A592D095B7}"
EndProject
Global
	GlobalSection(SolutionConfigurationPlatforms) = preSolution
		Debug|Any CPU = Debug|Any CPU
		Release|Any CPU = Release|Any CPU
	EndGlobalSection
	GlobalSection(ProjectConfigurationPlatforms) = postSolution
		{2228FD2D-006C-49A5-9718-62A592D095B7}.Debug|Any CPU.ActiveCfg = Debug|Any CPU
		{2228FD2D-006C-49A5-9718-62A592D095B7}.Debug|Any CPU.Build.0 = Debug|Any CPU
		{2228FD2D-006C-49A5-9718-62A592D095B7}.Release|Any CPU.ActiveCfg = Release|Any CPU
		{2228FD2D-006C-49A5-9718-62A592D095B7}.Release|Any CPU.Build.0 = Release|Any CPU
	EndGlobalSection
	GlobalSection(SolutionProperties) = preSolution
		HideSolutionNode = FALSE
	EndGlobalSection
	GlobalSection(ExtensibilityGlobals) = postSolution
		SolutionGuid = {1B58A09F-643B-4801-AFED-20BDEDC5AFE4}
	EndGlobalSection
EndGlobal
